// !$*UTF8*$!
{
	archiveVersion = 1;
	classes = {
	};
	objectVersion = 56;
	objects = {

/* Begin PBXBuildFile section */
		18DE7C940A2CFB76EAAA9718 /* libPods-quizzz.a in Frameworks */ = {isa = PBXBuildFile; fileRef = E18490FD38A729BBC0624AB7 /* libPods-quizzz.a */; };
		A676A2A92B2D9A52002DA5F4 /* AppDelegate.swift in Sources */ = {isa = PBXBuildFile; fileRef = A676A2A82B2D9A52002DA5F4 /* AppDelegate.swift */; };
		A676A2AB2B2D9A52002DA5F4 /* SceneDelegate.swift in Sources */ = {isa = PBXBuildFile; fileRef = A676A2AA2B2D9A52002DA5F4 /* SceneDelegate.swift */; };
		A676A2AD2B2D9A52002DA5F4 /* MainScreenViewController.swift in Sources */ = {isa = PBXBuildFile; fileRef = A676A2AC2B2D9A52002DA5F4 /* MainScreenViewController.swift */; };
		A676A2B22B2D9A54002DA5F4 /* Assets.xcassets in Resources */ = {isa = PBXBuildFile; fileRef = A676A2B12B2D9A54002DA5F4 /* Assets.xcassets */; };
		A676A2B52B2D9A54002DA5F4 /* LaunchScreen.storyboard in Resources */ = {isa = PBXBuildFile; fileRef = A676A2B32B2D9A54002DA5F4 /* LaunchScreen.storyboard */; };
		A67A695C2B2E08C0002B59DF /* QuestionViewController.swift in Sources */ = {isa = PBXBuildFile; fileRef = A67A69552B2E08C0002B59DF /* QuestionViewController.swift */; };
		A67A695D2B2E08C0002B59DF /* QuestionStatusCellType.swift in Sources */ = {isa = PBXBuildFile; fileRef = A67A69582B2E08C0002B59DF /* QuestionStatusCellType.swift */; };
		A67A695E2B2E08C0002B59DF /* QuestionStatusView.swift in Sources */ = {isa = PBXBuildFile; fileRef = A67A69592B2E08C0002B59DF /* QuestionStatusView.swift */; };
		A67A695F2B2E08C0002B59DF /* QuestionStatusCollectionViewCell.swift in Sources */ = {isa = PBXBuildFile; fileRef = A67A695A2B2E08C0002B59DF /* QuestionStatusCollectionViewCell.swift */; };
		A67A69602B2E08C0002B59DF /* TopAlignedCollectionViewFlowLayout.swift in Sources */ = {isa = PBXBuildFile; fileRef = A67A695B2B2E08C0002B59DF /* TopAlignedCollectionViewFlowLayout.swift */; };
		A67A69642B2E08C8002B59DF /* Collection+safe.swift in Sources */ = {isa = PBXBuildFile; fileRef = A67A69622B2E08C8002B59DF /* Collection+safe.swift */; };
		A71381712B2F1793003613B7 /* PackPreviewDTO.swift in Sources */ = {isa = PBXBuildFile; fileRef = A71381702B2F1793003613B7 /* PackPreviewDTO.swift */; };
		A71381772B2F31F8003613B7 /* Services.swift in Sources */ = {isa = PBXBuildFile; fileRef = A71381762B2F31F8003613B7 /* Services.swift */; };
		A71381792B2F5006003613B7 /* QuizQuestionDTO.swift in Sources */ = {isa = PBXBuildFile; fileRef = A71381782B2F5006003613B7 /* QuizQuestionDTO.swift */; };
		A713817C2B2F52E0003613B7 /* PackDTO.swift in Sources */ = {isa = PBXBuildFile; fileRef = A713817B2B2F52E0003613B7 /* PackDTO.swift */; };
		A713817E2B2F545A003613B7 /* Targets.swift in Sources */ = {isa = PBXBuildFile; fileRef = A713817D2B2F545A003613B7 /* Targets.swift */; };
		A67A69672B2EFA08002B59DF /* QuestionView.swift in Sources */ = {isa = PBXBuildFile; fileRef = A67A69662B2EFA08002B59DF /* QuestionView.swift */; };
		A67A69692B2EFCD9002B59DF /* AnswerView.swift in Sources */ = {isa = PBXBuildFile; fileRef = A67A69682B2EFCD9002B59DF /* AnswerView.swift */; };
		A67A696C2B2EFE30002B59DF /* AnswerViewCell.swift in Sources */ = {isa = PBXBuildFile; fileRef = A67A696B2B2EFE30002B59DF /* AnswerViewCell.swift */; };
		A67A696E2B2F0719002B59DF /* QuestionViewModel.swift in Sources */ = {isa = PBXBuildFile; fileRef = A67A696D2B2F0719002B59DF /* QuestionViewModel.swift */; };
		A67A69702B2F0FCD002B59DF /* QuestionRouter.swift in Sources */ = {isa = PBXBuildFile; fileRef = A67A696F2B2F0FCD002B59DF /* QuestionRouter.swift */; };
		A7F247622B2DCC0B00A267E5 /* MainScreenCell.swift in Sources */ = {isa = PBXBuildFile; fileRef = A7F247612B2DCC0B00A267E5 /* MainScreenCell.swift */; };
		B4B317D42B2E0421005FA6C4 /* RuleView.swift in Sources */ = {isa = PBXBuildFile; fileRef = B4B317D32B2E0421005FA6C4 /* RuleView.swift */; };
		B4B317D62B2E0474005FA6C4 /* RuleCollectionViewCell.swift in Sources */ = {isa = PBXBuildFile; fileRef = B4B317D52B2E0474005FA6C4 /* RuleCollectionViewCell.swift */; };
		B4B317D82B2E04D2005FA6C4 /* RulesViewController.swift in Sources */ = {isa = PBXBuildFile; fileRef = B4B317D72B2E04D2005FA6C4 /* RulesViewController.swift */; };
		B4B317DB2B2E0A44005FA6C4 /* Vibration.swift in Sources */ = {isa = PBXBuildFile; fileRef = B4B317DA2B2E0A44005FA6C4 /* Vibration.swift */; };
		B4E092EB2B2F5D1100051792 /* QuizQuestion.swift in Sources */ = {isa = PBXBuildFile; fileRef = B4E092EA2B2F5D1100051792 /* QuizQuestion.swift */; };
		B4E092ED2B2F5D6200051792 /* PackPreview.swift in Sources */ = {isa = PBXBuildFile; fileRef = B4E092EC2B2F5D6200051792 /* PackPreview.swift */; };
		B4E092EF2B2F5D8800051792 /* Pack.swift in Sources */ = {isa = PBXBuildFile; fileRef = B4E092EE2B2F5D8800051792 /* Pack.swift */; };
		B4E092F12B2F5EBF00051792 /* UIImage+assets.swift in Sources */ = {isa = PBXBuildFile; fileRef = B4E092F02B2F5EBF00051792 /* UIImage+assets.swift */; };
		B4E092F32B2F5F1600051792 /* UIColor+assets.swift in Sources */ = {isa = PBXBuildFile; fileRef = B4E092F22B2F5F1600051792 /* UIColor+assets.swift */; };
/* End PBXBuildFile section */

/* Begin PBXFileReference section */
		91CE8FC89997CD59DDA1555B /* Pods-quizzz.debug.xcconfig */ = {isa = PBXFileReference; includeInIndex = 1; lastKnownFileType = text.xcconfig; name = "Pods-quizzz.debug.xcconfig"; path = "Target Support Files/Pods-quizzz/Pods-quizzz.debug.xcconfig"; sourceTree = "<group>"; };
		A676A2A52B2D9A52002DA5F4 /* quizzz.app */ = {isa = PBXFileReference; explicitFileType = wrapper.application; includeInIndex = 0; path = quizzz.app; sourceTree = BUILT_PRODUCTS_DIR; };
		A676A2A82B2D9A52002DA5F4 /* AppDelegate.swift */ = {isa = PBXFileReference; lastKnownFileType = sourcecode.swift; path = AppDelegate.swift; sourceTree = "<group>"; };
		A676A2AA2B2D9A52002DA5F4 /* SceneDelegate.swift */ = {isa = PBXFileReference; lastKnownFileType = sourcecode.swift; path = SceneDelegate.swift; sourceTree = "<group>"; };
		A676A2AC2B2D9A52002DA5F4 /* MainScreenViewController.swift */ = {isa = PBXFileReference; lastKnownFileType = sourcecode.swift; path = MainScreenViewController.swift; sourceTree = "<group>"; };
		A676A2B12B2D9A54002DA5F4 /* Assets.xcassets */ = {isa = PBXFileReference; lastKnownFileType = folder.assetcatalog; path = Assets.xcassets; sourceTree = "<group>"; };
		A676A2B42B2D9A54002DA5F4 /* Base */ = {isa = PBXFileReference; lastKnownFileType = file.storyboard; name = Base; path = Base.lproj/LaunchScreen.storyboard; sourceTree = "<group>"; };
		A676A2B62B2D9A54002DA5F4 /* Info.plist */ = {isa = PBXFileReference; lastKnownFileType = text.plist.xml; path = Info.plist; sourceTree = "<group>"; };
		A67A69552B2E08C0002B59DF /* QuestionViewController.swift */ = {isa = PBXFileReference; fileEncoding = 4; lastKnownFileType = sourcecode.swift; path = QuestionViewController.swift; sourceTree = "<group>"; };
		A67A69582B2E08C0002B59DF /* QuestionStatusCellType.swift */ = {isa = PBXFileReference; fileEncoding = 4; lastKnownFileType = sourcecode.swift; path = QuestionStatusCellType.swift; sourceTree = "<group>"; };
		A67A69592B2E08C0002B59DF /* QuestionStatusView.swift */ = {isa = PBXFileReference; fileEncoding = 4; lastKnownFileType = sourcecode.swift; path = QuestionStatusView.swift; sourceTree = "<group>"; };
		A67A695A2B2E08C0002B59DF /* QuestionStatusCollectionViewCell.swift */ = {isa = PBXFileReference; fileEncoding = 4; lastKnownFileType = sourcecode.swift; path = QuestionStatusCollectionViewCell.swift; sourceTree = "<group>"; };
		A67A695B2B2E08C0002B59DF /* TopAlignedCollectionViewFlowLayout.swift */ = {isa = PBXFileReference; fileEncoding = 4; lastKnownFileType = sourcecode.swift; path = TopAlignedCollectionViewFlowLayout.swift; sourceTree = "<group>"; };
		A67A69622B2E08C8002B59DF /* Collection+safe.swift */ = {isa = PBXFileReference; fileEncoding = 4; lastKnownFileType = sourcecode.swift; path = "Collection+safe.swift"; sourceTree = "<group>"; };
		A71381702B2F1793003613B7 /* PackPreviewDTO.swift */ = {isa = PBXFileReference; lastKnownFileType = sourcecode.swift; path = PackPreviewDTO.swift; sourceTree = "<group>"; };
		A71381762B2F31F8003613B7 /* Services.swift */ = {isa = PBXFileReference; lastKnownFileType = sourcecode.swift; path = Services.swift; sourceTree = "<group>"; };
		A71381782B2F5006003613B7 /* QuizQuestionDTO.swift */ = {isa = PBXFileReference; lastKnownFileType = sourcecode.swift; path = QuizQuestionDTO.swift; sourceTree = "<group>"; };
		A713817B2B2F52E0003613B7 /* PackDTO.swift */ = {isa = PBXFileReference; lastKnownFileType = sourcecode.swift; path = PackDTO.swift; sourceTree = "<group>"; };
		A713817D2B2F545A003613B7 /* Targets.swift */ = {isa = PBXFileReference; lastKnownFileType = sourcecode.swift; path = Targets.swift; sourceTree = "<group>"; };
		A67A69662B2EFA08002B59DF /* QuestionView.swift */ = {isa = PBXFileReference; lastKnownFileType = sourcecode.swift; path = QuestionView.swift; sourceTree = "<group>"; };
		A67A69682B2EFCD9002B59DF /* AnswerView.swift */ = {isa = PBXFileReference; lastKnownFileType = sourcecode.swift; path = AnswerView.swift; sourceTree = "<group>"; };
		A67A696B2B2EFE30002B59DF /* AnswerViewCell.swift */ = {isa = PBXFileReference; lastKnownFileType = sourcecode.swift; path = AnswerViewCell.swift; sourceTree = "<group>"; };
		A67A696D2B2F0719002B59DF /* QuestionViewModel.swift */ = {isa = PBXFileReference; lastKnownFileType = sourcecode.swift; path = QuestionViewModel.swift; sourceTree = "<group>"; };
		A67A696F2B2F0FCD002B59DF /* QuestionRouter.swift */ = {isa = PBXFileReference; lastKnownFileType = sourcecode.swift; path = QuestionRouter.swift; sourceTree = "<group>"; };
		A7F247612B2DCC0B00A267E5 /* MainScreenCell.swift */ = {isa = PBXFileReference; lastKnownFileType = sourcecode.swift; path = MainScreenCell.swift; sourceTree = "<group>"; };
		B4B317CD2B2DEEAA005FA6C4 /* FlyingEmojis.framework */ = {isa = PBXFileReference; explicitFileType = wrapper.framework; path = FlyingEmojis.framework; sourceTree = BUILT_PRODUCTS_DIR; };
		B4B317D32B2E0421005FA6C4 /* RuleView.swift */ = {isa = PBXFileReference; lastKnownFileType = sourcecode.swift; path = RuleView.swift; sourceTree = "<group>"; };
		B4B317D52B2E0474005FA6C4 /* RuleCollectionViewCell.swift */ = {isa = PBXFileReference; lastKnownFileType = sourcecode.swift; path = RuleCollectionViewCell.swift; sourceTree = "<group>"; };
		B4B317D72B2E04D2005FA6C4 /* RulesViewController.swift */ = {isa = PBXFileReference; lastKnownFileType = sourcecode.swift; path = RulesViewController.swift; sourceTree = "<group>"; };
		B4B317DA2B2E0A44005FA6C4 /* Vibration.swift */ = {isa = PBXFileReference; lastKnownFileType = sourcecode.swift; path = Vibration.swift; sourceTree = "<group>"; };
		B4E092EA2B2F5D1100051792 /* QuizQuestion.swift */ = {isa = PBXFileReference; lastKnownFileType = sourcecode.swift; path = QuizQuestion.swift; sourceTree = "<group>"; };
		B4E092EC2B2F5D6200051792 /* PackPreview.swift */ = {isa = PBXFileReference; lastKnownFileType = sourcecode.swift; path = PackPreview.swift; sourceTree = "<group>"; };
		B4E092EE2B2F5D8800051792 /* Pack.swift */ = {isa = PBXFileReference; lastKnownFileType = sourcecode.swift; path = Pack.swift; sourceTree = "<group>"; };
		B4E092F02B2F5EBF00051792 /* UIImage+assets.swift */ = {isa = PBXFileReference; lastKnownFileType = sourcecode.swift; path = "UIImage+assets.swift"; sourceTree = "<group>"; };
		B4E092F22B2F5F1600051792 /* UIColor+assets.swift */ = {isa = PBXFileReference; lastKnownFileType = sourcecode.swift; path = "UIColor+assets.swift"; sourceTree = "<group>"; };
		B83E7A68CCA3F8F04C24E6AC /* Pods-quizzz.release.xcconfig */ = {isa = PBXFileReference; includeInIndex = 1; lastKnownFileType = text.xcconfig; name = "Pods-quizzz.release.xcconfig"; path = "Target Support Files/Pods-quizzz/Pods-quizzz.release.xcconfig"; sourceTree = "<group>"; };
		E18490FD38A729BBC0624AB7 /* libPods-quizzz.a */ = {isa = PBXFileReference; explicitFileType = archive.ar; includeInIndex = 0; path = "libPods-quizzz.a"; sourceTree = BUILT_PRODUCTS_DIR; };
/* End PBXFileReference section */

/* Begin PBXFrameworksBuildPhase section */
		A676A2A22B2D9A52002DA5F4 /* Frameworks */ = {
			isa = PBXFrameworksBuildPhase;
			buildActionMask = 2147483647;
			files = (
				18DE7C940A2CFB76EAAA9718 /* libPods-quizzz.a in Frameworks */,
			);
			runOnlyForDeploymentPostprocessing = 0;
		};
/* End PBXFrameworksBuildPhase section */

/* Begin PBXGroup section */
		79FB24952FF63C3ECA90421D /* Frameworks */ = {
			isa = PBXGroup;
			children = (
				B4B317CD2B2DEEAA005FA6C4 /* FlyingEmojis.framework */,
				E18490FD38A729BBC0624AB7 /* libPods-quizzz.a */,
			);
			name = Frameworks;
			sourceTree = "<group>";
		};
		A676A29C2B2D9A52002DA5F4 = {
			isa = PBXGroup;
			children = (
				A676A2A72B2D9A52002DA5F4 /* quizzz */,
				A676A2A62B2D9A52002DA5F4 /* Products */,
				F099A1111B1E292A49332839 /* Pods */,
				79FB24952FF63C3ECA90421D /* Frameworks */,
			);
			sourceTree = "<group>";
		};
		A676A2A62B2D9A52002DA5F4 /* Products */ = {
			isa = PBXGroup;
			children = (
				A676A2A52B2D9A52002DA5F4 /* quizzz.app */,
			);
			name = Products;
			sourceTree = "<group>";
		};
		A676A2A72B2D9A52002DA5F4 /* quizzz */ = {
			isa = PBXGroup;
			children = (
				A713816D2B2F0EC0003613B7 /* API */,
				B4B317DF2B2E1A47005FA6C4 /* Helpers */,
				A67A69612B2E08C8002B59DF /* Extensions */,
				B4B317D12B2E03F7005FA6C4 /* Screens */,
			);
			path = quizzz;
			sourceTree = "<group>";
		};
		A67A69542B2E08C0002B59DF /* Questions */ = {
			isa = PBXGroup;
			children = (
				A67A696F2B2F0FCD002B59DF /* QuestionRouter.swift */,
				A67A696D2B2F0719002B59DF /* QuestionViewModel.swift */,
				A67A69552B2E08C0002B59DF /* QuestionViewController.swift */,
				A67A69562B2E08C0002B59DF /* Views */,
			);
			path = Questions;
			sourceTree = "<group>";
		};
		A67A69562B2E08C0002B59DF /* Views */ = {
			isa = PBXGroup;
			children = (
				A67A696A2B2EFE17002B59DF /* AnswerView */,
				A67A69572B2E08C0002B59DF /* QuestionStatusView */,
				A67A69662B2EFA08002B59DF /* QuestionView.swift */,
			);
			path = Views;
			sourceTree = "<group>";
		};
		A67A69572B2E08C0002B59DF /* QuestionStatusView */ = {
			isa = PBXGroup;
			children = (
				A67A69582B2E08C0002B59DF /* QuestionStatusCellType.swift */,
				A67A69592B2E08C0002B59DF /* QuestionStatusView.swift */,
				A67A695A2B2E08C0002B59DF /* QuestionStatusCollectionViewCell.swift */,
				A67A695B2B2E08C0002B59DF /* TopAlignedCollectionViewFlowLayout.swift */,
			);
			path = QuestionStatusView;
			sourceTree = "<group>";
		};
		A67A69612B2E08C8002B59DF /* Extensions */ = {
			isa = PBXGroup;
			children = (
				B4B317DA2B2E0A44005FA6C4 /* Vibration.swift */,
				A67A69622B2E08C8002B59DF /* Collection+safe.swift */,
				B4E092F02B2F5EBF00051792 /* UIImage+assets.swift */,
				B4E092F22B2F5F1600051792 /* UIColor+assets.swift */,
			);
			path = Extensions;
			sourceTree = "<group>";
		};
		A713816D2B2F0EC0003613B7 /* API */ = {
			isa = PBXGroup;
			children = (
				B4E092E92B2F5CEE00051792 /* Models */,
				A713817A2B2F5048003613B7 /* DTOModels */,
				A71381732B2F1B9E003613B7 /* Services */,
			);
			path = API;
			sourceTree = "<group>";
		};
		A71381732B2F1B9E003613B7 /* Services */ = {
			isa = PBXGroup;
			children = (
				A71381762B2F31F8003613B7 /* Services.swift */,
				A713817D2B2F545A003613B7 /* Targets.swift */,
			);
			path = Services;
			sourceTree = "<group>";
		};
		A713817A2B2F5048003613B7 /* DTOModels */ = {
			isa = PBXGroup;
			children = (
				A71381702B2F1793003613B7 /* PackPreviewDTO.swift */,
				A713817B2B2F52E0003613B7 /* PackDTO.swift */,
				A71381782B2F5006003613B7 /* QuizQuestionDTO.swift */,
			);
			path = DTOModels;
			sourceTree = "<group>";
		};
		A67A696A2B2EFE17002B59DF /* AnswerView */ = {
			isa = PBXGroup;
			children = (
				A67A69682B2EFCD9002B59DF /* AnswerView.swift */,
				A67A696B2B2EFE30002B59DF /* AnswerViewCell.swift */,
			);
			path = AnswerView;
			sourceTree = "<group>";
		};
        A7F247602B2DCBEE00A267E5 /* MainScreen */ = {
			isa = PBXGroup;
			children = (
				A676A2AC2B2D9A52002DA5F4 /* MainScreenViewController.swift */,
				A7F247612B2DCC0B00A267E5 /* MainScreenCell.swift */,
			);
			path = MainScreen;
			sourceTree = "<group>";
		};
		B4B317D12B2E03F7005FA6C4 /* Screens */ = {
			isa = PBXGroup;
			children = (
				A67A69542B2E08C0002B59DF /* Questions */,
				B4B317D22B2E0409005FA6C4 /* Rules */,
				A7F247602B2DCBEE00A267E5 /* MainScreen */,
			);
			path = Screens;
			sourceTree = "<group>";
		};
		B4B317D22B2E0409005FA6C4 /* Rules */ = {
			isa = PBXGroup;
			children = (
				B4B317D32B2E0421005FA6C4 /* RuleView.swift */,
				B4B317D52B2E0474005FA6C4 /* RuleCollectionViewCell.swift */,
				B4B317D72B2E04D2005FA6C4 /* RulesViewController.swift */,
			);
			path = Rules;
			sourceTree = "<group>";
		};
		B4B317DF2B2E1A47005FA6C4 /* Helpers */ = {
			isa = PBXGroup;
			children = (
				A676A2AA2B2D9A52002DA5F4 /* SceneDelegate.swift */,
				A676A2A82B2D9A52002DA5F4 /* AppDelegate.swift */,
				A676A2B12B2D9A54002DA5F4 /* Assets.xcassets */,
				A676A2B32B2D9A54002DA5F4 /* LaunchScreen.storyboard */,
				A676A2B62B2D9A54002DA5F4 /* Info.plist */,
			);
			path = Helpers;
			sourceTree = "<group>";
		};
		B4E092E92B2F5CEE00051792 /* Models */ = {
			isa = PBXGroup;
			children = (
				B4E092EA2B2F5D1100051792 /* QuizQuestion.swift */,
				B4E092EC2B2F5D6200051792 /* PackPreview.swift */,
				B4E092EE2B2F5D8800051792 /* Pack.swift */,
			);
			path = Models;
			sourceTree = "<group>";
		};
		F099A1111B1E292A49332839 /* Pods */ = {
			isa = PBXGroup;
			children = (
				91CE8FC89997CD59DDA1555B /* Pods-quizzz.debug.xcconfig */,
				B83E7A68CCA3F8F04C24E6AC /* Pods-quizzz.release.xcconfig */,
			);
			path = Pods;
			sourceTree = "<group>";
		};
/* End PBXGroup section */

/* Begin PBXNativeTarget section */
		A676A2A42B2D9A52002DA5F4 /* quizzz */ = {
			isa = PBXNativeTarget;
			buildConfigurationList = A676A2B92B2D9A54002DA5F4 /* Build configuration list for PBXNativeTarget "quizzz" */;
			buildPhases = (
				1EC3678D977B2FA565EDEDD4 /* [CP] Check Pods Manifest.lock */,
				A676A2A12B2D9A52002DA5F4 /* Sources */,
				A676A2A22B2D9A52002DA5F4 /* Frameworks */,
				A676A2A32B2D9A52002DA5F4 /* Resources */,
			);
			buildRules = (
			);
			dependencies = (
			);
			name = quizzz;
			productName = quizzz;
			productReference = A676A2A52B2D9A52002DA5F4 /* quizzz.app */;
			productType = "com.apple.product-type.application";
		};
/* End PBXNativeTarget section */

/* Begin PBXProject section */
		A676A29D2B2D9A52002DA5F4 /* Project object */ = {
			isa = PBXProject;
			attributes = {
				BuildIndependentTargetsInParallel = 1;
				LastSwiftUpdateCheck = 1500;
				LastUpgradeCheck = 1500;
				TargetAttributes = {
					A676A2A42B2D9A52002DA5F4 = {
						CreatedOnToolsVersion = 15.0;
					};
				};
			};
			buildConfigurationList = A676A2A02B2D9A52002DA5F4 /* Build configuration list for PBXProject "quizzz" */;
			compatibilityVersion = "Xcode 14.0";
			developmentRegion = en;
			hasScannedForEncodings = 0;
			knownRegions = (
				en,
				Base,
			);
			mainGroup = A676A29C2B2D9A52002DA5F4;
			productRefGroup = A676A2A62B2D9A52002DA5F4 /* Products */;
			projectDirPath = "";
			projectRoot = "";
			targets = (
				A676A2A42B2D9A52002DA5F4 /* quizzz */,
			);
		};
/* End PBXProject section */

/* Begin PBXResourcesBuildPhase section */
		A676A2A32B2D9A52002DA5F4 /* Resources */ = {
			isa = PBXResourcesBuildPhase;
			buildActionMask = 2147483647;
			files = (
				A676A2B52B2D9A54002DA5F4 /* LaunchScreen.storyboard in Resources */,
				A676A2B22B2D9A54002DA5F4 /* Assets.xcassets in Resources */,
			);
			runOnlyForDeploymentPostprocessing = 0;
		};
/* End PBXResourcesBuildPhase section */

/* Begin PBXShellScriptBuildPhase section */
		1EC3678D977B2FA565EDEDD4 /* [CP] Check Pods Manifest.lock */ = {
			isa = PBXShellScriptBuildPhase;
			buildActionMask = 2147483647;
			files = (
			);
			inputFileListPaths = (
			);
			inputPaths = (
				"${PODS_PODFILE_DIR_PATH}/Podfile.lock",
				"${PODS_ROOT}/Manifest.lock",
			);
			name = "[CP] Check Pods Manifest.lock";
			outputFileListPaths = (
			);
			outputPaths = (
				"$(DERIVED_FILE_DIR)/Pods-quizzz-checkManifestLockResult.txt",
			);
			runOnlyForDeploymentPostprocessing = 0;
			shellPath = /bin/sh;
			shellScript = "diff \"${PODS_PODFILE_DIR_PATH}/Podfile.lock\" \"${PODS_ROOT}/Manifest.lock\" > /dev/null\nif [ $? != 0 ] ; then\n    # print error to STDERR\n    echo \"error: The sandbox is not in sync with the Podfile.lock. Run 'pod install' or update your CocoaPods installation.\" >&2\n    exit 1\nfi\n# This output is used by Xcode 'outputs' to avoid re-running this script phase.\necho \"SUCCESS\" > \"${SCRIPT_OUTPUT_FILE_0}\"\n";
			showEnvVarsInLog = 0;
		};
/* End PBXShellScriptBuildPhase section */

/* Begin PBXSourcesBuildPhase section */
		A676A2A12B2D9A52002DA5F4 /* Sources */ = {
			isa = PBXSourcesBuildPhase;
			buildActionMask = 2147483647;
			files = (
				B4E092ED2B2F5D6200051792 /* PackPreview.swift in Sources */,
				B4B317DB2B2E0A44005FA6C4 /* Vibration.swift in Sources */,
				B4E092F32B2F5F1600051792 /* UIColor+assets.swift in Sources */,
				B4B317D82B2E04D2005FA6C4 /* RulesViewController.swift in Sources */,
				A713817C2B2F52E0003613B7 /* PackDTO.swift in Sources */,
				A676A2AD2B2D9A52002DA5F4 /* MainScreenViewController.swift in Sources */,
				A67A695E2B2E08C0002B59DF /* QuestionStatusView.swift in Sources */,
				A71381792B2F5006003613B7 /* QuizQuestionDTO.swift in Sources */,
				A67A69692B2EFCD9002B59DF /* AnswerView.swift in Sources */,
				A67A69702B2F0FCD002B59DF /* QuestionRouter.swift in Sources */,
				A67A695C2B2E08C0002B59DF /* QuestionViewController.swift in Sources */,
				A713817E2B2F545A003613B7 /* Targets.swift in Sources */,
				B4E092F12B2F5EBF00051792 /* UIImage+assets.swift in Sources */,
				A71381772B2F31F8003613B7 /* Services.swift in Sources */,
				A7F247622B2DCC0B00A267E5 /* MainScreenCell.swift in Sources */,
				B4B317D62B2E0474005FA6C4 /* RuleCollectionViewCell.swift in Sources */,
				A67A695F2B2E08C0002B59DF /* QuestionStatusCollectionViewCell.swift in Sources */,
				A676A2A92B2D9A52002DA5F4 /* AppDelegate.swift in Sources */,
				A67A69642B2E08C8002B59DF /* Collection+safe.swift in Sources */,
				B4E092EB2B2F5D1100051792 /* QuizQuestion.swift in Sources */,
				A67A696E2B2F0719002B59DF /* QuestionViewModel.swift in Sources */,
				A67A69672B2EFA08002B59DF /* QuestionView.swift in Sources */,
				A67A69602B2E08C0002B59DF /* TopAlignedCollectionViewFlowLayout.swift in Sources */,
				A71381712B2F1793003613B7 /* PackPreviewDTO.swift in Sources */,
				B4E092EF2B2F5D8800051792 /* Pack.swift in Sources */,
				A676A2AB2B2D9A52002DA5F4 /* SceneDelegate.swift in Sources */,
				B4B317D42B2E0421005FA6C4 /* RuleView.swift in Sources */,
				A67A695D2B2E08C0002B59DF /* QuestionStatusCellType.swift in Sources */,
				A67A696C2B2EFE30002B59DF /* AnswerViewCell.swift in Sources */,
			);
			runOnlyForDeploymentPostprocessing = 0;
		};
/* End PBXSourcesBuildPhase section */

/* Begin PBXVariantGroup section */
		A676A2B32B2D9A54002DA5F4 /* LaunchScreen.storyboard */ = {
			isa = PBXVariantGroup;
			children = (
				A676A2B42B2D9A54002DA5F4 /* Base */,
			);
			name = LaunchScreen.storyboard;
			sourceTree = "<group>";
		};
/* End PBXVariantGroup section */

/* Begin XCBuildConfiguration section */
		A676A2B72B2D9A54002DA5F4 /* Debug */ = {
			isa = XCBuildConfiguration;
			buildSettings = {
				ALWAYS_SEARCH_USER_PATHS = NO;
				ASSETCATALOG_COMPILER_GENERATE_SWIFT_ASSET_SYMBOL_EXTENSIONS = YES;
				CLANG_ANALYZER_NONNULL = YES;
				CLANG_ANALYZER_NUMBER_OBJECT_CONVERSION = YES_AGGRESSIVE;
				CLANG_CXX_LANGUAGE_STANDARD = "gnu++20";
				CLANG_ENABLE_MODULES = YES;
				CLANG_ENABLE_OBJC_ARC = YES;
				CLANG_ENABLE_OBJC_WEAK = YES;
				CLANG_WARN_BLOCK_CAPTURE_AUTORELEASING = YES;
				CLANG_WARN_BOOL_CONVERSION = YES;
				CLANG_WARN_COMMA = YES;
				CLANG_WARN_CONSTANT_CONVERSION = YES;
				CLANG_WARN_DEPRECATED_OBJC_IMPLEMENTATIONS = YES;
				CLANG_WARN_DIRECT_OBJC_ISA_USAGE = YES_ERROR;
				CLANG_WARN_DOCUMENTATION_COMMENTS = YES;
				CLANG_WARN_EMPTY_BODY = YES;
				CLANG_WARN_ENUM_CONVERSION = YES;
				CLANG_WARN_INFINITE_RECURSION = YES;
				CLANG_WARN_INT_CONVERSION = YES;
				CLANG_WARN_NON_LITERAL_NULL_CONVERSION = YES;
				CLANG_WARN_OBJC_IMPLICIT_RETAIN_SELF = YES;
				CLANG_WARN_OBJC_LITERAL_CONVERSION = YES;
				CLANG_WARN_OBJC_ROOT_CLASS = YES_ERROR;
				CLANG_WARN_QUOTED_INCLUDE_IN_FRAMEWORK_HEADER = YES;
				CLANG_WARN_RANGE_LOOP_ANALYSIS = YES;
				CLANG_WARN_STRICT_PROTOTYPES = YES;
				CLANG_WARN_SUSPICIOUS_MOVE = YES;
				CLANG_WARN_UNGUARDED_AVAILABILITY = YES_AGGRESSIVE;
				CLANG_WARN_UNREACHABLE_CODE = YES;
				CLANG_WARN__DUPLICATE_METHOD_MATCH = YES;
				COPY_PHASE_STRIP = NO;
				DEBUG_INFORMATION_FORMAT = dwarf;
				ENABLE_STRICT_OBJC_MSGSEND = YES;
				ENABLE_TESTABILITY = YES;
				ENABLE_USER_SCRIPT_SANDBOXING = YES;
				GCC_C_LANGUAGE_STANDARD = gnu17;
				GCC_DYNAMIC_NO_PIC = NO;
				GCC_NO_COMMON_BLOCKS = YES;
				GCC_OPTIMIZATION_LEVEL = 0;
				GCC_PREPROCESSOR_DEFINITIONS = (
					"DEBUG=1",
					"$(inherited)",
				);
				GCC_WARN_64_TO_32_BIT_CONVERSION = YES;
				GCC_WARN_ABOUT_RETURN_TYPE = YES_ERROR;
				GCC_WARN_UNDECLARED_SELECTOR = YES;
				GCC_WARN_UNINITIALIZED_AUTOS = YES_AGGRESSIVE;
				GCC_WARN_UNUSED_FUNCTION = YES;
				GCC_WARN_UNUSED_VARIABLE = YES;
				IPHONEOS_DEPLOYMENT_TARGET = 17.0;
				LOCALIZATION_PREFERS_STRING_CATALOGS = YES;
				MTL_ENABLE_DEBUG_INFO = INCLUDE_SOURCE;
				MTL_FAST_MATH = YES;
				ONLY_ACTIVE_ARCH = YES;
				SDKROOT = iphoneos;
				SWIFT_ACTIVE_COMPILATION_CONDITIONS = "DEBUG $(inherited)";
				SWIFT_OPTIMIZATION_LEVEL = "-Onone";
			};
			name = Debug;
		};
		A676A2B82B2D9A54002DA5F4 /* Release */ = {
			isa = XCBuildConfiguration;
			buildSettings = {
				ALWAYS_SEARCH_USER_PATHS = NO;
				ASSETCATALOG_COMPILER_GENERATE_SWIFT_ASSET_SYMBOL_EXTENSIONS = YES;
				CLANG_ANALYZER_NONNULL = YES;
				CLANG_ANALYZER_NUMBER_OBJECT_CONVERSION = YES_AGGRESSIVE;
				CLANG_CXX_LANGUAGE_STANDARD = "gnu++20";
				CLANG_ENABLE_MODULES = YES;
				CLANG_ENABLE_OBJC_ARC = YES;
				CLANG_ENABLE_OBJC_WEAK = YES;
				CLANG_WARN_BLOCK_CAPTURE_AUTORELEASING = YES;
				CLANG_WARN_BOOL_CONVERSION = YES;
				CLANG_WARN_COMMA = YES;
				CLANG_WARN_CONSTANT_CONVERSION = YES;
				CLANG_WARN_DEPRECATED_OBJC_IMPLEMENTATIONS = YES;
				CLANG_WARN_DIRECT_OBJC_ISA_USAGE = YES_ERROR;
				CLANG_WARN_DOCUMENTATION_COMMENTS = YES;
				CLANG_WARN_EMPTY_BODY = YES;
				CLANG_WARN_ENUM_CONVERSION = YES;
				CLANG_WARN_INFINITE_RECURSION = YES;
				CLANG_WARN_INT_CONVERSION = YES;
				CLANG_WARN_NON_LITERAL_NULL_CONVERSION = YES;
				CLANG_WARN_OBJC_IMPLICIT_RETAIN_SELF = YES;
				CLANG_WARN_OBJC_LITERAL_CONVERSION = YES;
				CLANG_WARN_OBJC_ROOT_CLASS = YES_ERROR;
				CLANG_WARN_QUOTED_INCLUDE_IN_FRAMEWORK_HEADER = YES;
				CLANG_WARN_RANGE_LOOP_ANALYSIS = YES;
				CLANG_WARN_STRICT_PROTOTYPES = YES;
				CLANG_WARN_SUSPICIOUS_MOVE = YES;
				CLANG_WARN_UNGUARDED_AVAILABILITY = YES_AGGRESSIVE;
				CLANG_WARN_UNREACHABLE_CODE = YES;
				CLANG_WARN__DUPLICATE_METHOD_MATCH = YES;
				COPY_PHASE_STRIP = NO;
				DEBUG_INFORMATION_FORMAT = "dwarf-with-dsym";
				ENABLE_NS_ASSERTIONS = NO;
				ENABLE_STRICT_OBJC_MSGSEND = YES;
				ENABLE_USER_SCRIPT_SANDBOXING = YES;
				GCC_C_LANGUAGE_STANDARD = gnu17;
				GCC_NO_COMMON_BLOCKS = YES;
				GCC_WARN_64_TO_32_BIT_CONVERSION = YES;
				GCC_WARN_ABOUT_RETURN_TYPE = YES_ERROR;
				GCC_WARN_UNDECLARED_SELECTOR = YES;
				GCC_WARN_UNINITIALIZED_AUTOS = YES_AGGRESSIVE;
				GCC_WARN_UNUSED_FUNCTION = YES;
				GCC_WARN_UNUSED_VARIABLE = YES;
				IPHONEOS_DEPLOYMENT_TARGET = 17.0;
				LOCALIZATION_PREFERS_STRING_CATALOGS = YES;
				MTL_ENABLE_DEBUG_INFO = NO;
				MTL_FAST_MATH = YES;
				SDKROOT = iphoneos;
				SWIFT_COMPILATION_MODE = wholemodule;
				VALIDATE_PRODUCT = YES;
			};
			name = Release;
		};
		A676A2BA2B2D9A54002DA5F4 /* Debug */ = {
			isa = XCBuildConfiguration;
			baseConfigurationReference = 91CE8FC89997CD59DDA1555B /* Pods-quizzz.debug.xcconfig */;
			buildSettings = {
				ASSETCATALOG_COMPILER_APPICON_NAME = AppIcon;
				ASSETCATALOG_COMPILER_GLOBAL_ACCENT_COLOR_NAME = AccentColor;
				CODE_SIGN_STYLE = Automatic;
				CURRENT_PROJECT_VERSION = 1;
				DEVELOPMENT_TEAM = K76H2H6746;
				GENERATE_INFOPLIST_FILE = YES;
				INFOPLIST_FILE = quizzz/Helpers/Info.plist;
				INFOPLIST_KEY_UIApplicationSupportsIndirectInputEvents = YES;
				INFOPLIST_KEY_UILaunchStoryboardName = LaunchScreen;
				INFOPLIST_KEY_UISupportedInterfaceOrientations_iPad = "UIInterfaceOrientationPortrait UIInterfaceOrientationPortraitUpsideDown UIInterfaceOrientationLandscapeLeft UIInterfaceOrientationLandscapeRight";
				INFOPLIST_KEY_UISupportedInterfaceOrientations_iPhone = "UIInterfaceOrientationPortrait UIInterfaceOrientationLandscapeLeft UIInterfaceOrientationLandscapeRight";
				IPHONEOS_DEPLOYMENT_TARGET = 15.0;
				LD_RUNPATH_SEARCH_PATHS = (
					"$(inherited)",
					"@executable_path/Frameworks",
				);
				MARKETING_VERSION = 0.1;
				PRODUCT_BUNDLE_IDENTIFIER = com.repco.quizzz;
				PRODUCT_NAME = "$(TARGET_NAME)";
				SWIFT_EMIT_LOC_STRINGS = YES;
				SWIFT_VERSION = 5.0;
				TARGETED_DEVICE_FAMILY = "1,2";
			};
			name = Debug;
		};
		A676A2BB2B2D9A54002DA5F4 /* Release */ = {
			isa = XCBuildConfiguration;
			baseConfigurationReference = B83E7A68CCA3F8F04C24E6AC /* Pods-quizzz.release.xcconfig */;
			buildSettings = {
				ASSETCATALOG_COMPILER_APPICON_NAME = AppIcon;
				ASSETCATALOG_COMPILER_GLOBAL_ACCENT_COLOR_NAME = AccentColor;
				CODE_SIGN_STYLE = Automatic;
				CURRENT_PROJECT_VERSION = 1;
				DEVELOPMENT_TEAM = K76H2H6746;
				GENERATE_INFOPLIST_FILE = YES;
				INFOPLIST_FILE = quizzz/Helpers/Info.plist;
				INFOPLIST_KEY_UIApplicationSupportsIndirectInputEvents = YES;
				INFOPLIST_KEY_UILaunchStoryboardName = LaunchScreen;
				INFOPLIST_KEY_UISupportedInterfaceOrientations_iPad = "UIInterfaceOrientationPortrait UIInterfaceOrientationPortraitUpsideDown UIInterfaceOrientationLandscapeLeft UIInterfaceOrientationLandscapeRight";
				INFOPLIST_KEY_UISupportedInterfaceOrientations_iPhone = "UIInterfaceOrientationPortrait UIInterfaceOrientationLandscapeLeft UIInterfaceOrientationLandscapeRight";
				IPHONEOS_DEPLOYMENT_TARGET = 15.0;
				LD_RUNPATH_SEARCH_PATHS = (
					"$(inherited)",
					"@executable_path/Frameworks",
				);
				MARKETING_VERSION = 0.1;
				PRODUCT_BUNDLE_IDENTIFIER = com.repco.quizzz;
				PRODUCT_NAME = "$(TARGET_NAME)";
				SWIFT_EMIT_LOC_STRINGS = YES;
				SWIFT_VERSION = 5.0;
				TARGETED_DEVICE_FAMILY = "1,2";
			};
			name = Release;
		};
/* End XCBuildConfiguration section */

/* Begin XCConfigurationList section */
		A676A2A02B2D9A52002DA5F4 /* Build configuration list for PBXProject "quizzz" */ = {
			isa = XCConfigurationList;
			buildConfigurations = (
				A676A2B72B2D9A54002DA5F4 /* Debug */,
				A676A2B82B2D9A54002DA5F4 /* Release */,
			);
			defaultConfigurationIsVisible = 0;
			defaultConfigurationName = Release;
		};
		A676A2B92B2D9A54002DA5F4 /* Build configuration list for PBXNativeTarget "quizzz" */ = {
			isa = XCConfigurationList;
			buildConfigurations = (
				A676A2BA2B2D9A54002DA5F4 /* Debug */,
				A676A2BB2B2D9A54002DA5F4 /* Release */,
			);
			defaultConfigurationIsVisible = 0;
			defaultConfigurationName = Release;
		};
/* End XCConfigurationList section */
	};
	rootObject = A676A29D2B2D9A52002DA5F4 /* Project object */;
}
